
Microsoft Visual Studio Solution File, Format Version 12.00
# Visual Studio 2013
VisualStudioVersion = 12.0.21005.1
MinimumVisualStudioVersion = 10.0.40219.1
Project("{8BC9CEB8-8B4A-11D0-8D11-00A0C91BC942}") = "game2", "game2\game2.vcxproj", "{9FBC24FD-0A4B-46AB-B9B1-0CB5E8109879}"
EndProject
Global
	GlobalSection(SolutionConfigurationPlatforms) = preSolution
		Debug|Win32 = Debug|Win32
		Release|Win32 = Release|Win32
	EndGlobalSection
	GlobalSection(ProjectConfigurationPlatforms) = postSolution
		{9FBC24FD-0A4B-46AB-B9B1-0CB5E8109879}.Debug|Win32.ActiveCfg = Debug|Win32
		{9FBC24FD-0A4B-46AB-B9B1-0CB5E8109879}.Debug|Win32.Build.0 = Debug|Win32
		{9FBC24FD-0A4B-46AB-B9B1-0CB5E8109879}.Release|Win32.ActiveCfg = Release|Win32
		{9FBC24FD-0A4B-46AB-B9B1-0CB5E8109879}.Release|Win32.Build.0 = Release|Win32
	EndGlobalSection
	GlobalSection(SolutionProperties) = preSolution
		HideSolutionNode = FALSE
	EndGlobalSection
EndGlobal
