
Microsoft Visual Studio Solution File, Format Version 12.00
# Visual Studio 2013
VisualStudioVersion = 12.0.21005.1
MinimumVisualStudioVersion = 10.0.40219.1
Project("{8BC9CEB8-8B4A-11D0-8D11-00A0C91BC942}") = "test_8_25", "test_8_25\test_8_25.vcxproj", "{556C70B1-484D-43C7-A1B0-78322015A785}"
EndProject
Global
	GlobalSection(SolutionConfigurationPlatforms) = preSolution
		Debug|Win32 = Debug|Win32
		Release|Win32 = Release|Win32
	EndGlobalSection
	GlobalSection(ProjectConfigurationPlatforms) = postSolution
		{556C70B1-484D-43C7-A1B0-78322015A785}.Debug|Win32.ActiveCfg = Debug|Win32
		{556C70B1-484D-43C7-A1B0-78322015A785}.Debug|Win32.Build.0 = Debug|Win32
		{556C70B1-484D-43C7-A1B0-78322015A785}.Release|Win32.ActiveCfg = Release|Win32
		{556C70B1-484D-43C7-A1B0-78322015A785}.Release|Win32.Build.0 = Release|Win32
	EndGlobalSection
	GlobalSection(SolutionProperties) = preSolution
		HideSolutionNode = FALSE
	EndGlobalSection
EndGlobal
